
Microsoft Visual Studio Solution File, Format Version 12.00
# Visual Studio Version 17
VisualStudioVersion = 17.5.33627.172
MinimumVisualStudioVersion = 10.0.40219.1
Project("{9A19103F-16F7-4668-BE54-9A1E7A4F7556}") = "MVC_basico", "MVC_basico.csproj", "{55049A69-BDA2-4C24-9F5F-42E3EC69EDA4}"
EndProject
Global
	GlobalSection(SolutionConfigurationPlatforms) = preSolution
		Debug|Any CPU = Debug|Any CPU
		Release|Any CPU = Release|Any CPU
	EndGlobalSection
	GlobalSection(ProjectConfigurationPlatforms) = postSolution
		{55049A69-BDA2-4C24-9F5F-42E3EC69EDA4}.Debug|Any CPU.ActiveCfg = Debug|Any CPU
		{55049A69-BDA2-4C24-9F5F-42E3EC69EDA4}.Debug|Any CPU.Build.0 = Debug|Any CPU
		{55049A69-BDA2-4C24-9F5F-42E3EC69EDA4}.Release|Any CPU.ActiveCfg = Release|Any CPU
		{55049A69-BDA2-4C24-9F5F-42E3EC69EDA4}.Release|Any CPU.Build.0 = Release|Any CPU
	EndGlobalSection
	GlobalSection(SolutionProperties) = preSolution
		HideSolutionNode = FALSE
	EndGlobalSection
	GlobalSection(ExtensibilityGlobals) = postSolution
		SolutionGuid = {815E807D-9691-4DEE-AD45-981D6CCB8211}
	EndGlobalSection
EndGlobal
